
Microsoft Visual Studio Solution File, Format Version 12.00
# Visual Studio Version 16
VisualStudioVersion = 16.0.31605.320
MinimumVisualStudioVersion = 10.0.40219.1
Project("{8BC9CEB8-8B4A-11D0-8D11-00A0C91BC942}") = "Project1", "Project1\Project1.vcxproj", "{31420A18-A2CD-4A31-9D83-D623DCD7F6D3}"
EndProject
Global
	GlobalSection(SolutionConfigurationPlatforms) = preSolution
		Debug|x64 = Debug|x64
		Debug|x86 = Debug|x86
		Release|x64 = Release|x64
		Release|x86 = Release|x86
	EndGlobalSection
	GlobalSection(ProjectConfigurationPlatforms) = postSolution
		{31420A18-A2CD-4A31-9D83-D623DCD7F6D3}.Debug|x64.ActiveCfg = Debug|x64
		{31420A18-A2CD-4A31-9D83-D623DCD7F6D3}.Debug|x64.Build.0 = Debug|x64
		{31420A18-A2CD-4A31-9D83-D623DCD7F6D3}.Debug|x86.ActiveCfg = Debug|Win32
		{31420A18-A2CD-4A31-9D83-D623DCD7F6D3}.Debug|x86.Build.0 = Debug|Win32
		{31420A18-A2CD-4A31-9D83-D623DCD7F6D3}.Release|x64.ActiveCfg = Release|x64
		{31420A18-A2CD-4A31-9D83-D623DCD7F6D3}.Release|x64.Build.0 = Release|x64
		{31420A18-A2CD-4A31-9D83-D623DCD7F6D3}.Release|x86.ActiveCfg = Release|Win32
		{31420A18-A2CD-4A31-9D83-D623DCD7F6D3}.Release|x86.Build.0 = Release|Win32
	EndGlobalSection
	GlobalSection(SolutionProperties) = preSolution
		HideSolutionNode = FALSE
	EndGlobalSection
	GlobalSection(ExtensibilityGlobals) = postSolution
		SolutionGuid = {B7BE9B2C-5398-42B7-944D-E891E9FD1ACB}
	EndGlobalSection
EndGlobal
