<?xml version="1.0" encoding="utf-8"?>
<Project ToolsVersion="4.0" xmlns="http://schemas.microsoft.com/developer/msbuild/2003">
  <ItemGroup>
    <Filter Include="소스 파일">
      <UniqueIdentifier>{4FC737F1-C7A5-4376-A066-2A32D752A2FF}</UniqueIdentifier>
      <Extensions>cpp;c;cc;cxx;def;odl;idl;hpj;bat;asm;asmx</Extensions>
    </Filter>
    <Filter Include="헤더 파일">
      <UniqueIdentifier>{93995380-89BD-4b04-88EB-625FBE52EBFB}</UniqueIdentifier>
      <Extensions>h;hh;hpp;hxx;hm;inl;inc;ipp;xsd</Extensions>
    </Filter>
    <Filter Include="리소스 파일">
      <UniqueIdentifier>{67DA6AB6-F800-4c08-8B7A-83BB121AAD01}</UniqueIdentifier>
      <Extensions>rc;ico;cur;bmp;dlg;rc2;rct;bin;rgs;gif;jpg;jpeg;jpe;resx;tiff;tif;png;wav;mfcribbon-ms</Extensions>
    </Filter>
    <Filter Include="FrameWork">
      <UniqueIdentifier>{80c8a6cd-7bd0-4bc0-9dab-9d8331694bb8}</UniqueIdentifier>
    </Filter>
    <Filter Include="FrameWork\Game">
      <UniqueIdentifier>{1092d417-e37c-4ab9-841c-d080ca6bb481}</UniqueIdentifier>
    </Filter>
    <Filter Include="FrameWork\Managers">
      <UniqueIdentifier>{137b33bd-c7a9-4753-b8e6-6ab56d828655}</UniqueIdentifier>
    </Filter>
    <Filter Include="FrameWork\Utilities">
      <UniqueIdentifier>{e334b47e-091c-42ef-8555-09876e206e74}</UniqueIdentifier>
    </Filter>
    <Filter Include="FrameWork\Baseplates">
      <UniqueIdentifier>{58954e0f-28cc-499b-b587-f8e5e5347e9a}</UniqueIdentifier>
    </Filter>
    <Filter Include="FrameWork\Baseplates\Image">
      <UniqueIdentifier>{52973e9f-b8bf-4496-8498-b38580e480d3}</UniqueIdentifier>
    </Filter>
    <Filter Include="FrameWork\Scenes">
      <UniqueIdentifier>{6638442d-07e2-4670-a95a-4b845fdc1830}</UniqueIdentifier>
    </Filter>
    <Filter Include="FrameWork\Baseplates\ProgressBar">
      <UniqueIdentifier>{fb1d6be7-2c87-46b3-a582-0162e911b196}</UniqueIdentifier>
    </Filter>
    <Filter Include="FrameWork\Baseplates\Loading">
      <UniqueIdentifier>{89589d4f-35fa-49ef-a84c-00b7ad6874c5}</UniqueIdentifier>
    </Filter>
  </ItemGroup>
  <ItemGroup>
    <ClCompile Include="main.cpp">
      <Filter>소스 파일</Filter>
    </ClCompile>
    <ClCompile Include="keyManager.cpp">
      <Filter>FrameWork\Managers</Filter>
    </ClCompile>
    <ClCompile Include="gameNode.cpp">
      <Filter>FrameWork\Game</Filter>
    </ClCompile>
    <ClCompile Include="mainGame.cpp">
      <Filter>FrameWork\Game</Filter>
    </ClCompile>
    <ClCompile Include="image.cpp">
      <Filter>FrameWork\Baseplates\Image</Filter>
    </ClCompile>
    <ClCompile Include="imageManager.cpp">
      <Filter>FrameWork\Managers</Filter>
    </ClCompile>
    <ClCompile Include="customMath.cpp">
      <Filter>FrameWork\Utilities</Filter>
    </ClCompile>
    <ClCompile Include="sceneManager.cpp">
      <Filter>FrameWork\Managers</Filter>
    </ClCompile>
    <ClCompile Include="progressBar.cpp">
      <Filter>FrameWork\Baseplates\ProgressBar</Filter>
    </ClCompile>
    <ClCompile Include="iniManager.cpp">
      <Filter>FrameWork\Managers</Filter>
    </ClCompile>
    <ClCompile Include="loading.cpp">
      <Filter>FrameWork\Baseplates\Loading</Filter>
    </ClCompile>
    <ClCompile Include="soundManager.cpp">
      <Filter>FrameWork\Managers</Filter>
    </ClCompile>
    <ClCompile Include="SceneCastleCorrior.cpp">
      <Filter>FrameWork\Scenes</Filter>
    </ClCompile>
    <ClCompile Include="SceneMenu.cpp">
      <Filter>FrameWork\Scenes</Filter>
    </ClCompile>
  </ItemGroup>
  <ItemGroup>
    <ClInclude Include="commonMacroFunction.h">
      <Filter>FrameWork\Utilities</Filter>
    </ClInclude>
    <ClInclude Include="setDefine.h">
      <Filter>FrameWork\Utilities</Filter>
    </ClInclude>
    <ClInclude Include="singletonBase.h">
      <Filter>FrameWork\Managers</Filter>
    </ClInclude>
    <ClInclude Include="keyManager.h">
      <Filter>FrameWork\Managers</Filter>
    </ClInclude>
    <ClInclude Include="gameNode.h">
      <Filter>FrameWork\Game</Filter>
    </ClInclude>
    <ClInclude Include="mainGame.h">
      <Filter>FrameWork\Game</Filter>
    </ClInclude>
    <ClInclude Include="randomFunction.h">
      <Filter>FrameWork\Utilities</Filter>
    </ClInclude>
    <ClInclude Include="image.h">
      <Filter>FrameWork\Baseplates\Image</Filter>
    </ClInclude>
    <ClInclude Include="imageManager.h">
      <Filter>FrameWork\Managers</Filter>
    </ClInclude>
    <ClInclude Include="customMath.h">
      <Filter>FrameWork\Utilities</Filter>
    </ClInclude>
    <ClInclude Include="item.h">
      <Filter>FrameWork\Scenes</Filter>
    </ClInclude>
    <ClInclude Include="sceneManager.h">
      <Filter>FrameWork\Managers</Filter>
    </ClInclude>
    <ClInclude Include="progressBar.h">
      <Filter>FrameWork\Baseplates\ProgressBar</Filter>
    </ClInclude>
    <ClInclude Include="iniManager.h">
      <Filter>FrameWork\Managers</Filter>
    </ClInclude>
    <ClInclude Include="loading.h">
      <Filter>FrameWork\Baseplates\Loading</Filter>
    </ClInclude>
    <ClInclude Include="soundManager.h">
      <Filter>FrameWork\Managers</Filter>
    </ClInclude>
    <ClInclude Include="CharacterStats.h">
      <Filter>FrameWork\Scenes</Filter>
    </ClInclude>
    <ClInclude Include="SceneCastleCorrior.h">
      <Filter>FrameWork\Scenes</Filter>
    </ClInclude>
    <ClInclude Include="SceneMenu.h">
      <Filter>FrameWork\Scenes</Filter>
    </ClInclude>
  </ItemGroup>
</Project>