<?xml version="1.0" encoding="utf-8"?>
<Project ToolsVersion="4.0" xmlns="http://schemas.microsoft.com/developer/msbuild/2003">
  <ItemGroup>
    <Filter Include="소스 파일">
      <UniqueIdentifier>{4FC737F1-C7A5-4376-A066-2A32D752A2FF}</UniqueIdentifier>
      <Extensions>cpp;c;cc;cxx;c++;cppm;ixx;def;odl;idl;hpj;bat;asm;asmx</Extensions>
    </Filter>
    <Filter Include="헤더 파일">
      <UniqueIdentifier>{93995380-89BD-4b04-88EB-625FBE52EBFB}</UniqueIdentifier>
      <Extensions>h;hh;hpp;hxx;h++;hm;inl;inc;ipp;xsd</Extensions>
    </Filter>
    <Filter Include="리소스 파일">
      <UniqueIdentifier>{67DA6AB6-F800-4c08-8B7A-83BB121AAD01}</UniqueIdentifier>
      <Extensions>rc;ico;cur;bmp;dlg;rc2;rct;bin;rgs;gif;jpg;jpeg;jpe;resx;tiff;tif;png;wav;mfcribbon-ms</Extensions>
    </Filter>
    <Filter Include="소스 파일\MainUpdate">
      <UniqueIdentifier>{1ad01023-2e07-40c2-87cb-8df1f72e0c8b}</UniqueIdentifier>
    </Filter>
    <Filter Include="헤더 파일\Headers">
      <UniqueIdentifier>{31908992-98a2-4217-95ed-fd40b9236e9d}</UniqueIdentifier>
    </Filter>
    <Filter Include="헤더 파일\Include">
      <UniqueIdentifier>{408b1260-c5ae-4f85-af31-0cc928f785b7}</UniqueIdentifier>
    </Filter>
    <Filter Include="소스 파일\Manager">
      <UniqueIdentifier>{8c914d05-1588-496f-aa8c-51c40916fa3b}</UniqueIdentifier>
    </Filter>
    <Filter Include="소스 파일\Manager\SceneManager">
      <UniqueIdentifier>{33bbf1d5-5e42-4fd0-bf5d-afcacb61cfb9}</UniqueIdentifier>
    </Filter>
    <Filter Include="소스 파일\Scene">
      <UniqueIdentifier>{e0852039-3190-4df7-bf53-07e981673b23}</UniqueIdentifier>
    </Filter>
    <Filter Include="소스 파일\Scene\Logo">
      <UniqueIdentifier>{84e32760-a35d-45ba-9aa5-d70ab68d82d3}</UniqueIdentifier>
    </Filter>
    <Filter Include="소스 파일\Manager\RenderManager">
      <UniqueIdentifier>{07297e67-5137-474f-a112-056aee21aafb}</UniqueIdentifier>
    </Filter>
    <Filter Include="소스 파일\Manager\RenderManager\Bitmap">
      <UniqueIdentifier>{912948a1-74ce-4709-9a53-1ac0306ffdbe}</UniqueIdentifier>
    </Filter>
    <Filter Include="소스 파일\Manager\ObjectManager">
      <UniqueIdentifier>{46f1062b-f75d-457e-bedf-fa97c278731e}</UniqueIdentifier>
    </Filter>
    <Filter Include="소스 파일\Manager\ObjectFactory">
      <UniqueIdentifier>{0dba350c-1841-47af-aae2-208c65e0ed5b}</UniqueIdentifier>
    </Filter>
    <Filter Include="소스 파일\Manager\Pattern">
      <UniqueIdentifier>{0398304d-edae-45df-ac13-70a2652dafec}</UniqueIdentifier>
    </Filter>
    <Filter Include="소스 파일\Manager\MathManager">
      <UniqueIdentifier>{1bbc702e-c4ac-46c7-b04a-a04abb00cb0e}</UniqueIdentifier>
    </Filter>
    <Filter Include="소스 파일\Manager\InputManager">
      <UniqueIdentifier>{74057a88-e9ce-452e-af1b-8ab4439500d8}</UniqueIdentifier>
    </Filter>
    <Filter Include="소스 파일\Manager\CollisionManager">
      <UniqueIdentifier>{d646f9f5-cb25-4a72-8b2f-97dc52694627}</UniqueIdentifier>
    </Filter>
    <Filter Include="소스 파일\Manager\Pattern\Bridge">
      <UniqueIdentifier>{ded8477a-1f64-4d81-b7bc-9b2786f1dfb8}</UniqueIdentifier>
    </Filter>
    <Filter Include="소스 파일\Object">
      <UniqueIdentifier>{9711c312-f625-4096-9e7c-d7c5000c728a}</UniqueIdentifier>
    </Filter>
    <Filter Include="소스 파일\Manager\Pattern\Prototype">
      <UniqueIdentifier>{e4a940cc-2405-4b29-9b40-27132a3cf8ab}</UniqueIdentifier>
    </Filter>
    <Filter Include="소스 파일\Scene\Stage">
      <UniqueIdentifier>{5c5596b7-e295-423a-9cab-c953b90f4430}</UniqueIdentifier>
    </Filter>
    <Filter Include="소스 파일\Object\Player">
      <UniqueIdentifier>{7cb510ba-d677-4458-a3fd-25a11a7233ce}</UniqueIdentifier>
    </Filter>
    <Filter Include="소스 파일\Object\StageBack">
      <UniqueIdentifier>{b25d3b5d-d34b-45ba-8cb0-beea47d6970d}</UniqueIdentifier>
    </Filter>
    <Filter Include="소스 파일\Object\Bullet">
      <UniqueIdentifier>{f1150b62-3d19-47e0-8293-7fb117631e18}</UniqueIdentifier>
    </Filter>
    <Filter Include="소스 파일\Object\Bullet\BulletBridge">
      <UniqueIdentifier>{f6aa2c15-8c23-403b-a28f-cf1358d77896}</UniqueIdentifier>
    </Filter>
    <Filter Include="소스 파일\Object\Bullet\BulletBridge\MarisaBullet">
      <UniqueIdentifier>{8114ad44-c08b-4797-9529-77c39e73e47b}</UniqueIdentifier>
    </Filter>
    <Filter Include="소스 파일\Object\Bullet\BulletBridge\MarisaLazer">
      <UniqueIdentifier>{f3c55d10-ac22-4495-995d-ec176eade3c7}</UniqueIdentifier>
    </Filter>
    <Filter Include="소스 파일\Object\Enemy">
      <UniqueIdentifier>{31ad6842-b0e3-4087-b2ef-15dcd0d3ba92}</UniqueIdentifier>
    </Filter>
    <Filter Include="소스 파일\Object\Enemy\EnemyBridge">
      <UniqueIdentifier>{2c536bb7-42aa-4d6d-8868-23b1a3ae66ec}</UniqueIdentifier>
    </Filter>
    <Filter Include="소스 파일\Object\Enemy\EnemyBridge\Fairy1">
      <UniqueIdentifier>{89afae2f-8fcb-4623-a18a-ab6c22d1ff99}</UniqueIdentifier>
    </Filter>
    <Filter Include="소스 파일\Object\Player\PlayerSide">
      <UniqueIdentifier>{b8db30cf-8b9f-41a7-8abc-4ea4f17e21a3}</UniqueIdentifier>
    </Filter>
    <Filter Include="소스 파일\Object\UI">
      <UniqueIdentifier>{a3dffd49-5a9d-4d41-82b5-21f0af6ed1e6}</UniqueIdentifier>
    </Filter>
    <Filter Include="소스 파일\Object\UI\StageFront">
      <UniqueIdentifier>{ae7d2376-1927-4eb1-98aa-59ec3d3174fb}</UniqueIdentifier>
    </Filter>
    <Filter Include="소스 파일\Object\UI\EnemyHpBar">
      <UniqueIdentifier>{d355368c-79b0-4f5a-b565-cb1eaa8727e6}</UniqueIdentifier>
    </Filter>
  </ItemGroup>
  <ItemGroup>
    <ClInclude Include="MainUpdate.h">
      <Filter>소스 파일\MainUpdate</Filter>
    </ClInclude>
    <ClInclude Include="targetver.h">
      <Filter>헤더 파일\Headers</Filter>
    </ClInclude>
    <ClInclude Include="Resource.h">
      <Filter>헤더 파일\Headers</Filter>
    </ClInclude>
    <ClInclude Include="framework.h">
      <Filter>헤더 파일\Headers</Filter>
    </ClInclude>
    <ClInclude Include="ApiProject1.h">
      <Filter>헤더 파일\Headers</Filter>
    </ClInclude>
    <ClInclude Include="Headers.h">
      <Filter>헤더 파일</Filter>
    </ClInclude>
    <ClInclude Include="SceneManager.h">
      <Filter>소스 파일\Manager\SceneManager</Filter>
    </ClInclude>
    <ClInclude Include="Struct.h">
      <Filter>헤더 파일\Include</Filter>
    </ClInclude>
    <ClInclude Include="Define.h">
      <Filter>헤더 파일\Include</Filter>
    </ClInclude>
    <ClInclude Include="Constant.h">
      <Filter>헤더 파일\Include</Filter>
    </ClInclude>
    <ClInclude Include="Enum.h">
      <Filter>헤더 파일\Include</Filter>
    </ClInclude>
    <ClInclude Include="Scene.h">
      <Filter>소스 파일\Scene</Filter>
    </ClInclude>
    <ClInclude Include="Logo.h">
      <Filter>소스 파일\Scene\Logo</Filter>
    </ClInclude>
    <ClInclude Include="RenderManager.h">
      <Filter>소스 파일\Manager\RenderManager</Filter>
    </ClInclude>
    <ClInclude Include="Bitmap.h">
      <Filter>소스 파일\Manager\RenderManager\Bitmap</Filter>
    </ClInclude>
    <ClInclude Include="ObjectManager.h">
      <Filter>소스 파일\Manager\ObjectManager</Filter>
    </ClInclude>
    <ClInclude Include="ObjectFactory.h">
      <Filter>소스 파일\Manager\ObjectFactory</Filter>
    </ClInclude>
    <ClInclude Include="CollisionManager.h">
      <Filter>소스 파일\Manager\CollisionManager</Filter>
    </ClInclude>
    <ClInclude Include="InputManager.h">
      <Filter>소스 파일\Manager\InputManager</Filter>
    </ClInclude>
    <ClInclude Include="MathManager.h">
      <Filter>소스 파일\Manager\MathManager</Filter>
    </ClInclude>
    <ClInclude Include="Bridge.h">
      <Filter>소스 파일\Manager\Pattern\Bridge</Filter>
    </ClInclude>
    <ClInclude Include="Object.h">
      <Filter>소스 파일\Object</Filter>
    </ClInclude>
    <ClInclude Include="Prototype.h">
      <Filter>소스 파일\Manager\Pattern\Prototype</Filter>
    </ClInclude>
    <ClInclude Include="Stage.h">
      <Filter>소스 파일\Scene\Stage</Filter>
    </ClInclude>
    <ClInclude Include="Player.h">
      <Filter>소스 파일\Object\Player</Filter>
    </ClInclude>
    <ClInclude Include="StageBack.h">
      <Filter>소스 파일\Object\StageBack</Filter>
    </ClInclude>
    <ClInclude Include="Bullet.h">
      <Filter>소스 파일\Object\Bullet</Filter>
    </ClInclude>
    <ClInclude Include="BulletBridge.h">
      <Filter>소스 파일\Object\Bullet\BulletBridge</Filter>
    </ClInclude>
    <ClInclude Include="MarisaBullet.h">
      <Filter>소스 파일\Object\Bullet\BulletBridge\MarisaBullet</Filter>
    </ClInclude>
    <ClInclude Include="MarisaLazer.h">
      <Filter>소스 파일\Object\Bullet\BulletBridge\MarisaLazer</Filter>
    </ClInclude>
    <ClInclude Include="Enemy.h">
      <Filter>소스 파일\Object\Enemy</Filter>
    </ClInclude>
    <ClInclude Include="EnemyBridge.h">
      <Filter>소스 파일\Object\Enemy\EnemyBridge</Filter>
    </ClInclude>
    <ClInclude Include="Fairy1.h">
      <Filter>소스 파일\Object\Enemy\EnemyBridge\Fairy1</Filter>
    </ClInclude>
    <ClInclude Include="StageFront.h">
      <Filter>소스 파일\Object\UI\StageFront</Filter>
    </ClInclude>
    <ClInclude Include="PlayerSide.h">
      <Filter>소스 파일\Object\Player\PlayerSide</Filter>
    </ClInclude>
    <ClInclude Include="PlayerSide2.h">
      <Filter>소스 파일\Object\Player\PlayerSide</Filter>
    </ClInclude>
    <ClInclude Include="EnemyHpBar.h">
      <Filter>소스 파일\Object\UI\EnemyHpBar</Filter>
    </ClInclude>
  </ItemGroup>
  <ItemGroup>
    <ClCompile Include="ApiProject1.cpp">
      <Filter>소스 파일</Filter>
    </ClCompile>
    <ClCompile Include="MainUpdate.cpp">
      <Filter>소스 파일\MainUpdate</Filter>
    </ClCompile>
    <ClCompile Include="SceneManager.cpp">
      <Filter>소스 파일\Manager\SceneManager</Filter>
    </ClCompile>
    <ClCompile Include="Scene.cpp">
      <Filter>소스 파일\Scene</Filter>
    </ClCompile>
    <ClCompile Include="Logo.cpp">
      <Filter>소스 파일\Scene\Logo</Filter>
    </ClCompile>
    <ClCompile Include="RenderManager.cpp">
      <Filter>소스 파일\Manager\RenderManager</Filter>
    </ClCompile>
    <ClCompile Include="Bitmap.cpp">
      <Filter>소스 파일\Manager\RenderManager\Bitmap</Filter>
    </ClCompile>
    <ClCompile Include="ObjectManager.cpp">
      <Filter>소스 파일\Manager\ObjectManager</Filter>
    </ClCompile>
    <ClCompile Include="InputManager.cpp">
      <Filter>소스 파일\Manager\InputManager</Filter>
    </ClCompile>
    <ClCompile Include="MathManager.cpp">
      <Filter>소스 파일\Manager\MathManager</Filter>
    </ClCompile>
    <ClCompile Include="Bridge.cpp">
      <Filter>소스 파일\Manager\Pattern\Bridge</Filter>
    </ClCompile>
    <ClCompile Include="Object.cpp">
      <Filter>소스 파일\Object</Filter>
    </ClCompile>
    <ClCompile Include="Prototype.cpp">
      <Filter>소스 파일\Manager\Pattern\Prototype</Filter>
    </ClCompile>
    <ClCompile Include="Stage.cpp">
      <Filter>소스 파일\Scene\Stage</Filter>
    </ClCompile>
    <ClCompile Include="Player.cpp">
      <Filter>소스 파일\Object\Player</Filter>
    </ClCompile>
    <ClCompile Include="StageBack.cpp">
      <Filter>소스 파일\Object\StageBack</Filter>
    </ClCompile>
    <ClCompile Include="Bullet.cpp">
      <Filter>소스 파일\Object\Bullet</Filter>
    </ClCompile>
    <ClCompile Include="BulletBridge.cpp">
      <Filter>소스 파일\Object\Bullet\BulletBridge</Filter>
    </ClCompile>
    <ClCompile Include="MarisaBullet.cpp">
      <Filter>소스 파일\Object\Bullet\BulletBridge\MarisaBullet</Filter>
    </ClCompile>
    <ClCompile Include="MarisaLazer.cpp">
      <Filter>소스 파일\Object\Bullet\BulletBridge\MarisaLazer</Filter>
    </ClCompile>
    <ClCompile Include="Enemy.cpp">
      <Filter>소스 파일\Object\Enemy</Filter>
    </ClCompile>
    <ClCompile Include="EnemyBridge.cpp">
      <Filter>소스 파일\Object\Enemy\EnemyBridge</Filter>
    </ClCompile>
    <ClCompile Include="Fairy1.cpp">
      <Filter>소스 파일\Object\Enemy\EnemyBridge\Fairy1</Filter>
    </ClCompile>
    <ClCompile Include="StageFront.cpp">
      <Filter>소스 파일\Object\UI\StageFront</Filter>
    </ClCompile>
    <ClCompile Include="PlayerSide.cpp">
      <Filter>소스 파일\Object\Player\PlayerSide</Filter>
    </ClCompile>
    <ClCompile Include="PlayerSide2.cpp">
      <Filter>소스 파일\Object\Player\PlayerSide</Filter>
    </ClCompile>
    <ClCompile Include="EnemyHpBar.cpp">
      <Filter>소스 파일\Object\UI\EnemyHpBar</Filter>
    </ClCompile>
  </ItemGroup>
  <ItemGroup>
    <ResourceCompile Include="ApiProject1.rc">
      <Filter>리소스 파일</Filter>
    </ResourceCompile>
  </ItemGroup>
  <ItemGroup>
    <Image Include="small.ico">
      <Filter>리소스 파일</Filter>
    </Image>
    <Image Include="ApiProject1.ico">
      <Filter>리소스 파일</Filter>
    </Image>
  </ItemGroup>
</Project>